# This file was autogenerated by Stack.
# You should not edit this file by hand.
# For more information, please see the documentation at:
#   https://docs.haskellstack.org/en/stable/lock_files

packages:
- completed:
    hackage: Hclip-3.0.0.4@sha256:df341c936594465df25c3b9f93f6ebe3110a36d64a51dbbd1dbd557394bbdba4,1648
    pantry-tree:
      sha256: bc09b0acdf0ffce64e16a53ffc18d76dc05d4282433cae723402d1b8ecc01301
      size: 205
  original:
    hackage: Hclip-3.0.0.4
snapshots:
- completed:
    sha256: 9313df78f49519315342f4c51ffc5da12659d3735f8ac3c54a1fb98ff874474e
    size: 640036
    url: https://raw.githubusercontent.com/commercialhaskell/stackage-snapshots/master/lts/21/12.yaml
  original: lts-21.12
